// !$*UTF8*$!
{
	archiveVersion = 1;
	classes = {
	};
	objectVersion = 56;
	objects = {

/* Begin PBXBuildFile section */
		0207F0502A50CFA200FA75C6 /* SafeAreaView.swift in Sources */ = {isa = PBXBuildFile; fileRef = 0207F04F2A50CFA200FA75C6 /* SafeAreaView.swift */; };
		021015F42A379E8C00F3C5C5 /* GridSwiftUIView.swift in Sources */ = {isa = PBXBuildFile; fileRef = 021015F32A379E8C00F3C5C5 /* GridSwiftUIView.swift */; };
		0213D7BA2AB61D2600EFCD35 /* StateView.swift in Sources */ = {isa = PBXBuildFile; fileRef = 0213D7B92AB61D2600EFCD35 /* StateView.swift */; };
		0213D7BC2AB76D4900EFCD35 /* ExtractSwiftUIView.swift in Sources */ = {isa = PBXBuildFile; fileRef = 0213D7BB2AB76D4900EFCD35 /* ExtractSwiftUIView.swift */; };
		0219BDE02B756FBE000441AB /* NavigateSwiftUIView.swift in Sources */ = {isa = PBXBuildFile; fileRef = 0219BDDF2B756FBE000441AB /* NavigateSwiftUIView.swift */; };
		022AE8842ABE2EE300268168 /* ExtractedSubView.swift in Sources */ = {isa = PBXBuildFile; fileRef = 022AE8832ABE2EE200268168 /* ExtractedSubView.swift */; };
		022AE8862ABE382400268168 /* BindingSwiftUIView.swift in Sources */ = {isa = PBXBuildFile; fileRef = 022AE8852ABE382400268168 /* BindingSwiftUIView.swift */; };
		02326F282A266F9F001530C3 /* forSwiftUIView.swift in Sources */ = {isa = PBXBuildFile; fileRef = 02326F272A266F9F001530C3 /* forSwiftUIView.swift */; };
		02326F2A2A2673DD001530C3 /* scrollSwiftUIView.swift in Sources */ = {isa = PBXBuildFile; fileRef = 02326F292A2673DD001530C3 /* scrollSwiftUIView.swift */; };
		02654C072B3DC402005550D1 /* AnimationTimingSwiftUIView.swift in Sources */ = {isa = PBXBuildFile; fileRef = 02654C062B3DC402005550D1 /* AnimationTimingSwiftUIView.swift */; };
		0265E0F62B596FF6000D80FC /* SheetSwiftUIView.swift in Sources */ = {isa = PBXBuildFile; fileRef = 0265E0F52B596FF6000D80FC /* SheetSwiftUIView.swift */; };
		0265E0F82B5D694B000D80FC /* PopOverSwiftUIView.swift in Sources */ = {isa = PBXBuildFile; fileRef = 0265E0F72B5D694B000D80FC /* PopOverSwiftUIView.swift */; };
		027A78542B59419200A014A7 /* TransitionSwiftUIView.swift in Sources */ = {isa = PBXBuildFile; fileRef = 027A78532B59419200A014A7 /* TransitionSwiftUIView.swift */; };
		028CBC4429F0785E002706D3 /* SwiftUIThinkingApp.swift in Sources */ = {isa = PBXBuildFile; fileRef = 028CBC4329F0785E002706D3 /* SwiftUIThinkingApp.swift */; };
		028CBC4629F0785E002706D3 /* ContentView.swift in Sources */ = {isa = PBXBuildFile; fileRef = 028CBC4529F0785E002706D3 /* ContentView.swift */; };
		028CBC4829F07861002706D3 /* Assets.xcassets in Resources */ = {isa = PBXBuildFile; fileRef = 028CBC4729F07861002706D3 /* Assets.xcassets */; };
		028CBC4C29F07861002706D3 /* Preview Assets.xcassets in Resources */ = {isa = PBXBuildFile; fileRef = 028CBC4B29F07861002706D3 /* Preview Assets.xcassets */; };
		02C806C02A127D3700F1876D /* initBootCamp.swift in Sources */ = {isa = PBXBuildFile; fileRef = 02C806BF2A127D3700F1876D /* initBootCamp.swift */; };
		02EC94392AD30681006CB9DD /* AnimationSwiftUIView.swift in Sources */ = {isa = PBXBuildFile; fileRef = 02EC94382AD30681006CB9DD /* AnimationSwiftUIView.swift */; };
		02FBBB2C2A090F8300D1F765 /* Stack10.swift in Sources */ = {isa = PBXBuildFile; fileRef = 02FBBB2B2A090F8300D1F765 /* Stack10.swift */; };
		02FBBB492A0AB24100D1F765 /* metaTexttF.swift in Sources */ = {isa = PBXBuildFile; fileRef = 02FBBB482A0AB24100D1F765 /* metaTexttF.swift */; };
/* End PBXBuildFile section */

/* Begin PBXFileReference section */
		0207F04F2A50CFA200FA75C6 /* SafeAreaView.swift */ = {isa = PBXFileReference; lastKnownFileType = sourcecode.swift; path = SafeAreaView.swift; sourceTree = "<group>"; };
		021015F32A379E8C00F3C5C5 /* GridSwiftUIView.swift */ = {isa = PBXFileReference; lastKnownFileType = sourcecode.swift; path = GridSwiftUIView.swift; sourceTree = "<group>"; };
		0213D7B92AB61D2600EFCD35 /* StateView.swift */ = {isa = PBXFileReference; lastKnownFileType = sourcecode.swift; path = StateView.swift; sourceTree = "<group>"; };
		0213D7BB2AB76D4900EFCD35 /* ExtractSwiftUIView.swift */ = {isa = PBXFileReference; lastKnownFileType = sourcecode.swift; path = ExtractSwiftUIView.swift; sourceTree = "<group>"; };
		0219BDDF2B756FBE000441AB /* NavigateSwiftUIView.swift */ = {isa = PBXFileReference; lastKnownFileType = sourcecode.swift; path = NavigateSwiftUIView.swift; sourceTree = "<group>"; };
		022AE8832ABE2EE200268168 /* ExtractedSubView.swift */ = {isa = PBXFileReference; lastKnownFileType = sourcecode.swift; path = ExtractedSubView.swift; sourceTree = "<group>"; };
		022AE8852ABE382400268168 /* BindingSwiftUIView.swift */ = {isa = PBXFileReference; lastKnownFileType = sourcecode.swift; path = BindingSwiftUIView.swift; sourceTree = "<group>"; };
		02326F272A266F9F001530C3 /* forSwiftUIView.swift */ = {isa = PBXFileReference; lastKnownFileType = sourcecode.swift; path = forSwiftUIView.swift; sourceTree = "<group>"; };
		02326F292A2673DD001530C3 /* scrollSwiftUIView.swift */ = {isa = PBXFileReference; lastKnownFileType = sourcecode.swift; path = scrollSwiftUIView.swift; sourceTree = "<group>"; };
		02654C062B3DC402005550D1 /* AnimationTimingSwiftUIView.swift */ = {isa = PBXFileReference; lastKnownFileType = sourcecode.swift; path = AnimationTimingSwiftUIView.swift; sourceTree = "<group>"; };
		0265E0F52B596FF6000D80FC /* SheetSwiftUIView.swift */ = {isa = PBXFileReference; lastKnownFileType = sourcecode.swift; path = SheetSwiftUIView.swift; sourceTree = "<group>"; };
		0265E0F72B5D694B000D80FC /* PopOverSwiftUIView.swift */ = {isa = PBXFileReference; lastKnownFileType = sourcecode.swift; path = PopOverSwiftUIView.swift; sourceTree = "<group>"; };
		027A78532B59419200A014A7 /* TransitionSwiftUIView.swift */ = {isa = PBXFileReference; lastKnownFileType = sourcecode.swift; path = TransitionSwiftUIView.swift; sourceTree = "<group>"; };
		028CBC4029F0785E002706D3 /* SwiftUIThinking.app */ = {isa = PBXFileReference; explicitFileType = wrapper.application; includeInIndex = 0; path = SwiftUIThinking.app; sourceTree = BUILT_PRODUCTS_DIR; };
		028CBC4329F0785E002706D3 /* SwiftUIThinkingApp.swift */ = {isa = PBXFileReference; lastKnownFileType = sourcecode.swift; path = SwiftUIThinkingApp.swift; sourceTree = "<group>"; };
		028CBC4529F0785E002706D3 /* ContentView.swift */ = {isa = PBXFileReference; lastKnownFileType = sourcecode.swift; path = ContentView.swift; sourceTree = "<group>"; };
		028CBC4729F07861002706D3 /* Assets.xcassets */ = {isa = PBXFileReference; lastKnownFileType = folder.assetcatalog; path = Assets.xcassets; sourceTree = "<group>"; };
		028CBC4929F07861002706D3 /* SwiftUIThinking.entitlements */ = {isa = PBXFileReference; lastKnownFileType = text.plist.entitlements; path = SwiftUIThinking.entitlements; sourceTree = "<group>"; };
		028CBC4B29F07861002706D3 /* Preview Assets.xcassets */ = {isa = PBXFileReference; lastKnownFileType = folder.assetcatalog; path = "Preview Assets.xcassets"; sourceTree = "<group>"; };
		02C806BF2A127D3700F1876D /* initBootCamp.swift */ = {isa = PBXFileReference; lastKnownFileType = sourcecode.swift; path = initBootCamp.swift; sourceTree = "<group>"; };
		02EC94382AD30681006CB9DD /* AnimationSwiftUIView.swift */ = {isa = PBXFileReference; lastKnownFileType = sourcecode.swift; path = AnimationSwiftUIView.swift; sourceTree = "<group>"; };
		02FBBB2B2A090F8300D1F765 /* Stack10.swift */ = {isa = PBXFileReference; lastKnownFileType = sourcecode.swift; path = Stack10.swift; sourceTree = "<group>"; };
		02FBBB482A0AB24100D1F765 /* metaTexttF.swift */ = {isa = PBXFileReference; lastKnownFileType = sourcecode.swift; path = metaTexttF.swift; sourceTree = "<group>"; };
/* End PBXFileReference section */

/* Begin PBXFrameworksBuildPhase section */
		028CBC3D29F0785E002706D3 /* Frameworks */ = {
			isa = PBXFrameworksBuildPhase;
			buildActionMask = 2147483647;
			files = (
			);
			runOnlyForDeploymentPostprocessing = 0;
		};
/* End PBXFrameworksBuildPhase section */

/* Begin PBXGroup section */
		028CBC3729F0785E002706D3 = {
			isa = PBXGroup;
			children = (
				028CBC4229F0785E002706D3 /* SwiftUIThinking */,
				028CBC4129F0785E002706D3 /* Products */,
			);
			sourceTree = "<group>";
		};
		028CBC4129F0785E002706D3 /* Products */ = {
			isa = PBXGroup;
			children = (
				028CBC4029F0785E002706D3 /* SwiftUIThinking.app */,
			);
			name = Products;
			sourceTree = "<group>";
		};
		028CBC4229F0785E002706D3 /* SwiftUIThinking */ = {
			isa = PBXGroup;
			children = (
				028CBC4329F0785E002706D3 /* SwiftUIThinkingApp.swift */,
				028CBC4529F0785E002706D3 /* ContentView.swift */,
				02FBBB2B2A090F8300D1F765 /* Stack10.swift */,
				02C806BF2A127D3700F1876D /* initBootCamp.swift */,
				02FBBB482A0AB24100D1F765 /* metaTexttF.swift */,
				02326F272A266F9F001530C3 /* forSwiftUIView.swift */,
				0207F04F2A50CFA200FA75C6 /* SafeAreaView.swift */,
				02326F292A2673DD001530C3 /* scrollSwiftUIView.swift */,
				0213D7BB2AB76D4900EFCD35 /* ExtractSwiftUIView.swift */,
				022AE8832ABE2EE200268168 /* ExtractedSubView.swift */,
				022AE8852ABE382400268168 /* BindingSwiftUIView.swift */,
				021015F32A379E8C00F3C5C5 /* GridSwiftUIView.swift */,
				0213D7B92AB61D2600EFCD35 /* StateView.swift */,
				02EC94382AD30681006CB9DD /* AnimationSwiftUIView.swift */,
				02654C062B3DC402005550D1 /* AnimationTimingSwiftUIView.swift */,
				027A78532B59419200A014A7 /* TransitionSwiftUIView.swift */,
				0265E0F52B596FF6000D80FC /* SheetSwiftUIView.swift */,
				0265E0F72B5D694B000D80FC /* PopOverSwiftUIView.swift */,
				0219BDDF2B756FBE000441AB /* NavigateSwiftUIView.swift */,
				028CBC4729F07861002706D3 /* Assets.xcassets */,
				028CBC4929F07861002706D3 /* SwiftUIThinking.entitlements */,
				028CBC4A29F07861002706D3 /* Preview Content */,
			);
			path = SwiftUIThinking;
			sourceTree = "<group>";
		};
		028CBC4A29F07861002706D3 /* Preview Content */ = {
			isa = PBXGroup;
			children = (
				028CBC4B29F07861002706D3 /* Preview Assets.xcassets */,
			);
			path = "Preview Content";
			sourceTree = "<group>";
		};
/* End PBXGroup section */

/* Begin PBXNativeTarget section */
		028CBC3F29F0785E002706D3 /* SwiftUIThinking */ = {
			isa = PBXNativeTarget;
			buildConfigurationList = 028CBC4F29F07861002706D3 /* Build configuration list for PBXNativeTarget "SwiftUIThinking" */;
			buildPhases = (
				028CBC3C29F0785E002706D3 /* Sources */,
				028CBC3D29F0785E002706D3 /* Frameworks */,
				028CBC3E29F0785E002706D3 /* Resources */,
			);
			buildRules = (
			);
			dependencies = (
			);
			name = SwiftUIThinking;
			productName = SwiftUIThinking;
			productReference = 028CBC4029F0785E002706D3 /* SwiftUIThinking.app */;
			productType = "com.apple.product-type.application";
		};
/* End PBXNativeTarget section */

/* Begin PBXProject section */
		028CBC3829F0785E002706D3 /* Project object */ = {
			isa = PBXProject;
			attributes = {
				BuildIndependentTargetsInParallel = 1;
				LastSwiftUpdateCheck = 1430;
				LastUpgradeCheck = 1430;
				TargetAttributes = {
					028CBC3F29F0785E002706D3 = {
						CreatedOnToolsVersion = 14.3;
					};
				};
			};
			buildConfigurationList = 028CBC3B29F0785E002706D3 /* Build configuration list for PBXProject "SwiftUIThinking" */;
			compatibilityVersion = "Xcode 14.0";
			developmentRegion = en;
			hasScannedForEncodings = 0;
			knownRegions = (
				en,
				Base,
			);
			mainGroup = 028CBC3729F0785E002706D3;
			productRefGroup = 028CBC4129F0785E002706D3 /* Products */;
			projectDirPath = "";
			projectRoot = "";
			targets = (
				028CBC3F29F0785E002706D3 /* SwiftUIThinking */,
			);
		};
/* End PBXProject section */

/* Begin PBXResourcesBuildPhase section */
		028CBC3E29F0785E002706D3 /* Resources */ = {
			isa = PBXResourcesBuildPhase;
			buildActionMask = 2147483647;
			files = (
				028CBC4C29F07861002706D3 /* Preview Assets.xcassets in Resources */,
				028CBC4829F07861002706D3 /* Assets.xcassets in Resources */,
			);
			runOnlyForDeploymentPostprocessing = 0;
		};
/* End PBXResourcesBuildPhase section */

/* Begin PBXSourcesBuildPhase section */
		028CBC3C29F0785E002706D3 /* Sources */ = {
			isa = PBXSourcesBuildPhase;
			buildActionMask = 2147483647;
			files = (
				0219BDE02B756FBE000441AB /* NavigateSwiftUIView.swift in Sources */,
				02FBBB2C2A090F8300D1F765 /* Stack10.swift in Sources */,
				02FBBB492A0AB24100D1F765 /* metaTexttF.swift in Sources */,
				0265E0F82B5D694B000D80FC /* PopOverSwiftUIView.swift in Sources */,
				0265E0F62B596FF6000D80FC /* SheetSwiftUIView.swift in Sources */,
				022AE8862ABE382400268168 /* BindingSwiftUIView.swift in Sources */,
				022AE8842ABE2EE300268168 /* ExtractedSubView.swift in Sources */,
				0213D7BA2AB61D2600EFCD35 /* StateView.swift in Sources */,
				02326F2A2A2673DD001530C3 /* scrollSwiftUIView.swift in Sources */,
				028CBC4629F0785E002706D3 /* ContentView.swift in Sources */,
				027A78542B59419200A014A7 /* TransitionSwiftUIView.swift in Sources */,
				021015F42A379E8C00F3C5C5 /* GridSwiftUIView.swift in Sources */,
				0213D7BC2AB76D4900EFCD35 /* ExtractSwiftUIView.swift in Sources */,
				02EC94392AD30681006CB9DD /* AnimationSwiftUIView.swift in Sources */,
				02C806C02A127D3700F1876D /* initBootCamp.swift in Sources */,
				02326F282A266F9F001530C3 /* forSwiftUIView.swift in Sources */,
				0207F0502A50CFA200FA75C6 /* SafeAreaView.swift in Sources */,
				028CBC4429F0785E002706D3 /* SwiftUIThinkingApp.swift in Sources */,
				02654C072B3DC402005550D1 /* AnimationTimingSwiftUIView.swift in Sources */,
			);
			runOnlyForDeploymentPostprocessing = 0;
		};
/* End PBXSourcesBuildPhase section */

/* Begin XCBuildConfiguration section */
		028CBC4D29F07861002706D3 /* Debug */ = {
			isa = XCBuildConfiguration;
			buildSettings = {
				ALWAYS_SEARCH_USER_PATHS = NO;
				CLANG_ANALYZER_NONNULL = YES;
				CLANG_ANALYZER_NUMBER_OBJECT_CONVERSION = YES_AGGRESSIVE;
				CLANG_CXX_LANGUAGE_STANDARD = "gnu++20";
				CLANG_ENABLE_MODULES = YES;
				CLANG_ENABLE_OBJC_ARC = YES;
				CLANG_ENABLE_OBJC_WEAK = YES;
				CLANG_WARN_BLOCK_CAPTURE_AUTORELEASING = YES;
				CLANG_WARN_BOOL_CONVERSION = YES;
				CLANG_WARN_COMMA = YES;
				CLANG_WARN_CONSTANT_CONVERSION = YES;
				CLANG_WARN_DEPRECATED_OBJC_IMPLEMENTATIONS = YES;
				CLANG_WARN_DIRECT_OBJC_ISA_USAGE = YES_ERROR;
				CLANG_WARN_DOCUMENTATION_COMMENTS = YES;
				CLANG_WARN_EMPTY_BODY = YES;
				CLANG_WARN_ENUM_CONVERSION = YES;
				CLANG_WARN_INFINITE_RECURSION = YES;
				CLANG_WARN_INT_CONVERSION = YES;
				CLANG_WARN_NON_LITERAL_NULL_CONVERSION = YES;
				CLANG_WARN_OBJC_IMPLICIT_RETAIN_SELF = YES;
				CLANG_WARN_OBJC_LITERAL_CONVERSION = YES;
				CLANG_WARN_OBJC_ROOT_CLASS = YES_ERROR;
				CLANG_WARN_QUOTED_INCLUDE_IN_FRAMEWORK_HEADER = YES;
				CLANG_WARN_RANGE_LOOP_ANALYSIS = YES;
				CLANG_WARN_STRICT_PROTOTYPES = YES;
				CLANG_WARN_SUSPICIOUS_MOVE = YES;
				CLANG_WARN_UNGUARDED_AVAILABILITY = YES_AGGRESSIVE;
				CLANG_WARN_UNREACHABLE_CODE = YES;
				CLANG_WARN__DUPLICATE_METHOD_MATCH = YES;
				COPY_PHASE_STRIP = NO;
				DEBUG_INFORMATION_FORMAT = dwarf;
				ENABLE_STRICT_OBJC_MSGSEND = YES;
				ENABLE_TESTABILITY = YES;
				GCC_C_LANGUAGE_STANDARD = gnu11;
				GCC_DYNAMIC_NO_PIC = NO;
				GCC_NO_COMMON_BLOCKS = YES;
				GCC_OPTIMIZATION_LEVEL = 0;
				GCC_PREPROCESSOR_DEFINITIONS = (
					"DEBUG=1",
					"$(inherited)",
				);
				GCC_WARN_64_TO_32_BIT_CONVERSION = YES;
				GCC_WARN_ABOUT_RETURN_TYPE = YES_ERROR;
				GCC_WARN_UNDECLARED_SELECTOR = YES;
				GCC_WARN_UNINITIALIZED_AUTOS = YES_AGGRESSIVE;
				GCC_WARN_UNUSED_FUNCTION = YES;
				GCC_WARN_UNUSED_VARIABLE = YES;
				MTL_ENABLE_DEBUG_INFO = INCLUDE_SOURCE;
				MTL_FAST_MATH = YES;
				ONLY_ACTIVE_ARCH = YES;
				SWIFT_ACTIVE_COMPILATION_CONDITIONS = DEBUG;
				SWIFT_OPTIMIZATION_LEVEL = "-Onone";
			};
			name = Debug;
		};
		028CBC4E29F07861002706D3 /* Release */ = {
			isa = XCBuildConfiguration;
			buildSettings = {
				ALWAYS_SEARCH_USER_PATHS = NO;
				CLANG_ANALYZER_NONNULL = YES;
				CLANG_ANALYZER_NUMBER_OBJECT_CONVERSION = YES_AGGRESSIVE;
				CLANG_CXX_LANGUAGE_STANDARD = "gnu++20";
				CLANG_ENABLE_MODULES = YES;
				CLANG_ENABLE_OBJC_ARC = YES;
				CLANG_ENABLE_OBJC_WEAK = YES;
				CLANG_WARN_BLOCK_CAPTURE_AUTORELEASING = YES;
				CLANG_WARN_BOOL_CONVERSION = YES;
				CLANG_WARN_COMMA = YES;
				CLANG_WARN_CONSTANT_CONVERSION = YES;
				CLANG_WARN_DEPRECATED_OBJC_IMPLEMENTATIONS = YES;
				CLANG_WARN_DIRECT_OBJC_ISA_USAGE = YES_ERROR;
				CLANG_WARN_DOCUMENTATION_COMMENTS = YES;
				CLANG_WARN_EMPTY_BODY = YES;
				CLANG_WARN_ENUM_CONVERSION = YES;
				CLANG_WARN_INFINITE_RECURSION = YES;
				CLANG_WARN_INT_CONVERSION = YES;
				CLANG_WARN_NON_LITERAL_NULL_CONVERSION = YES;
				CLANG_WARN_OBJC_IMPLICIT_RETAIN_SELF = YES;
				CLANG_WARN_OBJC_LITERAL_CONVERSION = YES;
				CLANG_WARN_OBJC_ROOT_CLASS = YES_ERROR;
				CLANG_WARN_QUOTED_INCLUDE_IN_FRAMEWORK_HEADER = YES;
				CLANG_WARN_RANGE_LOOP_ANALYSIS = YES;
				CLANG_WARN_STRICT_PROTOTYPES = YES;
				CLANG_WARN_SUSPICIOUS_MOVE = YES;
				CLANG_WARN_UNGUARDED_AVAILABILITY = YES_AGGRESSIVE;
				CLANG_WARN_UNREACHABLE_CODE = YES;
				CLANG_WARN__DUPLICATE_METHOD_MATCH = YES;
				COPY_PHASE_STRIP = NO;
				DEBUG_INFORMATION_FORMAT = "dwarf-with-dsym";
				ENABLE_NS_ASSERTIONS = NO;
				ENABLE_STRICT_OBJC_MSGSEND = YES;
				GCC_C_LANGUAGE_STANDARD = gnu11;
				GCC_NO_COMMON_BLOCKS = YES;
				GCC_WARN_64_TO_32_BIT_CONVERSION = YES;
				GCC_WARN_ABOUT_RETURN_TYPE = YES_ERROR;
				GCC_WARN_UNDECLARED_SELECTOR = YES;
				GCC_WARN_UNINITIALIZED_AUTOS = YES_AGGRESSIVE;
				GCC_WARN_UNUSED_FUNCTION = YES;
				GCC_WARN_UNUSED_VARIABLE = YES;
				MTL_ENABLE_DEBUG_INFO = NO;
				MTL_FAST_MATH = YES;
				SWIFT_COMPILATION_MODE = wholemodule;
				SWIFT_OPTIMIZATION_LEVEL = "-O";
			};
			name = Release;
		};
		028CBC5029F07861002706D3 /* Debug */ = {
			isa = XCBuildConfiguration;
			buildSettings = {
				ASSETCATALOG_COMPILER_APPICON_NAME = AppIcon;
				ASSETCATALOG_COMPILER_GLOBAL_ACCENT_COLOR_NAME = AccentColor;
				CODE_SIGN_ENTITLEMENTS = SwiftUIThinking/SwiftUIThinking.entitlements;
				CODE_SIGN_STYLE = Automatic;
				CURRENT_PROJECT_VERSION = 1;
				DEVELOPMENT_ASSET_PATHS = "\"SwiftUIThinking/Preview Content\"";
				ENABLE_PREVIEWS = YES;
				GENERATE_INFOPLIST_FILE = YES;
				"INFOPLIST_KEY_UIApplicationSceneManifest_Generation[sdk=iphoneos*]" = YES;
				"INFOPLIST_KEY_UIApplicationSceneManifest_Generation[sdk=iphonesimulator*]" = YES;
				"INFOPLIST_KEY_UIApplicationSupportsIndirectInputEvents[sdk=iphoneos*]" = YES;
				"INFOPLIST_KEY_UIApplicationSupportsIndirectInputEvents[sdk=iphonesimulator*]" = YES;
				"INFOPLIST_KEY_UILaunchScreen_Generation[sdk=iphoneos*]" = YES;
				"INFOPLIST_KEY_UILaunchScreen_Generation[sdk=iphonesimulator*]" = YES;
				"INFOPLIST_KEY_UIStatusBarStyle[sdk=iphoneos*]" = UIStatusBarStyleDefault;
				"INFOPLIST_KEY_UIStatusBarStyle[sdk=iphonesimulator*]" = UIStatusBarStyleDefault;
				INFOPLIST_KEY_UISupportedInterfaceOrientations_iPad = "UIInterfaceOrientationPortrait UIInterfaceOrientationPortraitUpsideDown UIInterfaceOrientationLandscapeLeft UIInterfaceOrientationLandscapeRight";
				INFOPLIST_KEY_UISupportedInterfaceOrientations_iPhone = "UIInterfaceOrientationPortrait UIInterfaceOrientationLandscapeLeft UIInterfaceOrientationLandscapeRight";
				IPHONEOS_DEPLOYMENT_TARGET = 16.4;
				LD_RUNPATH_SEARCH_PATHS = "@executable_path/Frameworks";
				"LD_RUNPATH_SEARCH_PATHS[sdk=macosx*]" = "@executable_path/../Frameworks";
				MACOSX_DEPLOYMENT_TARGET = 13.3;
				MARKETING_VERSION = 1.0;
				PRODUCT_BUNDLE_IDENTIFIER = com.croix.SwiftUIThinking;
				PRODUCT_NAME = "$(TARGET_NAME)";
				SDKROOT = auto;
				SUPPORTED_PLATFORMS = "iphoneos iphonesimulator macosx";
				SWIFT_EMIT_LOC_STRINGS = YES;
				SWIFT_VERSION = 5.0;
				TARGETED_DEVICE_FAMILY = "1,2";
			};
			name = Debug;
		};
		028CBC5129F07861002706D3 /* Release */ = {
			isa = XCBuildConfiguration;
			buildSettings = {
				ASSETCATALOG_COMPILER_APPICON_NAME = AppIcon;
				ASSETCATALOG_COMPILER_GLOBAL_ACCENT_COLOR_NAME = AccentColor;
				CODE_SIGN_ENTITLEMENTS = SwiftUIThinking/SwiftUIThinking.entitlements;
				CODE_SIGN_STYLE = Automatic;
				CURRENT_PROJECT_VERSION = 1;
				DEVELOPMENT_ASSET_PATHS = "\"SwiftUIThinking/Preview Content\"";
				ENABLE_PREVIEWS = YES;
				GENERATE_INFOPLIST_FILE = YES;
				"INFOPLIST_KEY_UIApplicationSceneManifest_Generation[sdk=iphoneos*]" = YES;
				"INFOPLIST_KEY_UIApplicationSceneManifest_Generation[sdk=iphonesimulator*]" = YES;
				"INFOPLIST_KEY_UIApplicationSupportsIndirectInputEvents[sdk=iphoneos*]" = YES;
				"INFOPLIST_KEY_UIApplicationSupportsIndirectInputEvents[sdk=iphonesimulator*]" = YES;
				"INFOPLIST_KEY_UILaunchScreen_Generation[sdk=iphoneos*]" = YES;
				"INFOPLIST_KEY_UILaunchScreen_Generation[sdk=iphonesimulator*]" = YES;
				"INFOPLIST_KEY_UIStatusBarStyle[sdk=iphoneos*]" = UIStatusBarStyleDefault;
				"INFOPLIST_KEY_UIStatusBarStyle[sdk=iphonesimulator*]" = UIStatusBarStyleDefault;
				INFOPLIST_KEY_UISupportedInterfaceOrientations_iPad = "UIInterfaceOrientationPortrait UIInterfaceOrientationPortraitUpsideDown UIInterfaceOrientationLandscapeLeft UIInterfaceOrientationLandscapeRight";
				INFOPLIST_KEY_UISupportedInterfaceOrientations_iPhone = "UIInterfaceOrientationPortrait UIInterfaceOrientationLandscapeLeft UIInterfaceOrientationLandscapeRight";
				IPHONEOS_DEPLOYMENT_TARGET = 16.4;
				LD_RUNPATH_SEARCH_PATHS = "@executable_path/Frameworks";
				"LD_RUNPATH_SEARCH_PATHS[sdk=macosx*]" = "@executable_path/../Frameworks";
				MACOSX_DEPLOYMENT_TARGET = 13.3;
				MARKETING_VERSION = 1.0;
				PRODUCT_BUNDLE_IDENTIFIER = com.croix.SwiftUIThinking;
				PRODUCT_NAME = "$(TARGET_NAME)";
				SDKROOT = auto;
				SUPPORTED_PLATFORMS = "iphoneos iphonesimulator macosx";
				SWIFT_EMIT_LOC_STRINGS = YES;
				SWIFT_VERSION = 5.0;
				TARGETED_DEVICE_FAMILY = "1,2";
			};
			name = Release;
		};
/* End XCBuildConfiguration section */

/* Begin XCConfigurationList section */
		028CBC3B29F0785E002706D3 /* Build configuration list for PBXProject "SwiftUIThinking" */ = {
			isa = XCConfigurationList;
			buildConfigurations = (
				028CBC4D29F07861002706D3 /* Debug */,
				028CBC4E29F07861002706D3 /* Release */,
			);
			defaultConfigurationIsVisible = 0;
			defaultConfigurationName = Release;
		};
		028CBC4F29F07861002706D3 /* Build configuration list for PBXNativeTarget "SwiftUIThinking" */ = {
			isa = XCConfigurationList;
			buildConfigurations = (
				028CBC5029F07861002706D3 /* Debug */,
				028CBC5129F07861002706D3 /* Release */,
			);
			defaultConfigurationIsVisible = 0;
			defaultConfigurationName = Release;
		};
/* End XCConfigurationList section */
	};
	rootObject = 028CBC3829F0785E002706D3 /* Project object */;
}
